
Microsoft Visual Studio Solution File, Format Version 12.00
# Visual Studio Version 17
VisualStudioVersion = 17.0.31903.59
MinimumVisualStudioVersion = 10.0.40219.1
Project("{2150E333-8FDC-42A3-9474-1A3956D46DE8}") = "src", "src", "{827E0CD3-B72D-47B6-A68D-7590B98EB39B}"
EndProject
Project("{FAE04EC0-301F-11D3-BF4B-00C04F79EFBC}") = "Workspace.Contracts", "src\Workspace.Contracts\Workspace.Contracts.csproj", "{A368EA00-3330-4412-9007-3441026F245E}"
EndProject
Project("{FAE04EC0-301F-11D3-BF4B-00C04F79EFBC}") = "Workspace.Core", "src\Workspace.Core\Workspace.Core.csproj", "{5A01D663-35E4-4E60-A705-CC164DD190B3}"
EndProject
Project("{FAE04EC0-301F-11D3-BF4B-00C04F79EFBC}") = "Workspace.Runtime", "src\Workspace.Runtime\Workspace.Runtime.csproj", "{A57B710B-850D-4884-8302-7C2D90ACA3C6}"
EndProject
Project("{FAE04EC0-301F-11D3-BF4B-00C04F79EFBC}") = "Workspace.Storage", "src\Workspace.Storage\Workspace.Storage.csproj", "{DD9E6334-1AFC-4296-B8CB-8E700EEA00F6}"
EndProject
Project("{2150E333-8FDC-42A3-9474-1A3956D46DE8}") = "apps", "apps", "{1787FE1D-075E-9E68-7218-25F1BD1BBEAB}"
EndProject
Project("{2150E333-8FDC-42A3-9474-1A3956D46DE8}") = "host", "host", "{ECC3305D-876D-687E-B171-98B85BED9BA1}"
EndProject
Project("{FAE04EC0-301F-11D3-BF4B-00C04F79EFBC}") = "Workspace.Host", "apps\host\Workspace.Host.csproj", "{14B65DBA-40BA-4E67-913E-F36119889905}"
EndProject
Project("{2150E333-8FDC-42A3-9474-1A3956D46DE8}") = "tests", "tests", "{0AB3BF05-4346-4AA6-1389-037BE0695223}"
EndProject
Project("{FAE04EC0-301F-11D3-BF4B-00C04F79EFBC}") = "Workspace.Core.Tests", "tests\Workspace.Core.Tests\Workspace.Core.Tests.csproj", "{93CEA400-A1D7-4E32-B414-F3F5772A1276}"
EndProject
Project("{FAE04EC0-301F-11D3-BF4B-00C04F79EFBC}") = "Workspace.Runtime.Tests", "tests\Workspace.Runtime.Tests\Workspace.Runtime.Tests.csproj", "{CDBF0610-B54D-4069-AA4C-C3E0FDCCA14F}"
EndProject
Project("{FAE04EC0-301F-11D3-BF4B-00C04F79EFBC}") = "Workspace.Storage.Tests", "tests\Workspace.Storage.Tests\Workspace.Storage.Tests.csproj", "{2F44409C-9C5B-40D2-9F47-0B69EFDC0954}"
EndProject
Project("{FAE04EC0-301F-11D3-BF4B-00C04F79EFBC}") = "Workspace.Host.Tests", "tests\Workspace.Host.Tests\Workspace.Host.Tests.csproj", "{F387BC80-2251-468D-B53A-28163BB79B0A}"
EndProject
Global
	GlobalSection(SolutionConfigurationPlatforms) = preSolution
		Debug|Any CPU = Debug|Any CPU
		Debug|x64 = Debug|x64
		Debug|x86 = Debug|x86
		Release|Any CPU = Release|Any CPU
		Release|x64 = Release|x64
		Release|x86 = Release|x86
	EndGlobalSection
	GlobalSection(ProjectConfigurationPlatforms) = postSolution
		{A368EA00-3330-4412-9007-3441026F245E}.Debug|Any CPU.ActiveCfg = Debug|Any CPU
		{A368EA00-3330-4412-9007-3441026F245E}.Debug|Any CPU.Build.0 = Debug|Any CPU
		{A368EA00-3330-4412-9007-3441026F245E}.Debug|x64.ActiveCfg = Debug|Any CPU
		{A368EA00-3330-4412-9007-3441026F245E}.Debug|x64.Build.0 = Debug|Any CPU
		{A368EA00-3330-4412-9007-3441026F245E}.Debug|x86.ActiveCfg = Debug|Any CPU
		{A368EA00-3330-4412-9007-3441026F245E}.Debug|x86.Build.0 = Debug|Any CPU
		{A368EA00-3330-4412-9007-3441026F245E}.Release|Any CPU.ActiveCfg = Release|Any CPU
		{A368EA00-3330-4412-9007-3441026F245E}.Release|Any CPU.Build.0 = Release|Any CPU
		{A368EA00-3330-4412-9007-3441026F245E}.Release|x64.ActiveCfg = Release|Any CPU
		{A368EA00-3330-4412-9007-3441026F245E}.Release|x64.Build.0 = Release|Any CPU
		{A368EA00-3330-4412-9007-3441026F245E}.Release|x86.ActiveCfg = Release|Any CPU
		{A368EA00-3330-4412-9007-3441026F245E}.Release|x86.Build.0 = Release|Any CPU
		{5A01D663-35E4-4E60-A705-CC164DD190B3}.Debug|Any CPU.ActiveCfg = Debug|Any CPU
		{5A01D663-35E4-4E60-A705-CC164DD190B3}.Debug|Any CPU.Build.0 = Debug|Any CPU
		{5A01D663-35E4-4E60-A705-CC164DD190B3}.Debug|x64.ActiveCfg = Debug|Any CPU
		{5A01D663-35E4-4E60-A705-CC164DD190B3}.Debug|x64.Build.0 = Debug|Any CPU
		{5A01D663-35E4-4E60-A705-CC164DD190B3}.Debug|x86.ActiveCfg = Debug|Any CPU
		{5A01D663-35E4-4E60-A705-CC164DD190B3}.Debug|x86.Build.0 = Debug|Any CPU
		{5A01D663-35E4-4E60-A705-CC164DD190B3}.Release|Any CPU.ActiveCfg = Release|Any CPU
		{5A01D663-35E4-4E60-A705-CC164DD190B3}.Release|Any CPU.Build.0 = Release|Any CPU
		{5A01D663-35E4-4E60-A705-CC164DD190B3}.Release|x64.ActiveCfg = Release|Any CPU
		{5A01D663-35E4-4E60-A705-CC164DD190B3}.Release|x64.Build.0 = Release|Any CPU
		{5A01D663-35E4-4E60-A705-CC164DD190B3}.Release|x86.ActiveCfg = Release|Any CPU
		{5A01D663-35E4-4E60-A705-CC164DD190B3}.Release|x86.Build.0 = Release|Any CPU
		{A57B710B-850D-4884-8302-7C2D90ACA3C6}.Debug|Any CPU.ActiveCfg = Debug|Any CPU
		{A57B710B-850D-4884-8302-7C2D90ACA3C6}.Debug|Any CPU.Build.0 = Debug|Any CPU
		{A57B710B-850D-4884-8302-7C2D90ACA3C6}.Debug|x64.ActiveCfg = Debug|Any CPU
		{A57B710B-850D-4884-8302-7C2D90ACA3C6}.Debug|x64.Build.0 = Debug|Any CPU
		{A57B710B-850D-4884-8302-7C2D90ACA3C6}.Debug|x86.ActiveCfg = Debug|Any CPU
		{A57B710B-850D-4884-8302-7C2D90ACA3C6}.Debug|x86.Build.0 = Debug|Any CPU
		{A57B710B-850D-4884-8302-7C2D90ACA3C6}.Release|Any CPU.ActiveCfg = Release|Any CPU
		{A57B710B-850D-4884-8302-7C2D90ACA3C6}.Release|Any CPU.Build.0 = Release|Any CPU
		{A57B710B-850D-4884-8302-7C2D90ACA3C6}.Release|x64.ActiveCfg = Release|Any CPU
		{A57B710B-850D-4884-8302-7C2D90ACA3C6}.Release|x64.Build.0 = Release|Any CPU
		{A57B710B-850D-4884-8302-7C2D90ACA3C6}.Release|x86.ActiveCfg = Release|Any CPU
		{A57B710B-850D-4884-8302-7C2D90ACA3C6}.Release|x86.Build.0 = Release|Any CPU
		{DD9E6334-1AFC-4296-B8CB-8E700EEA00F6}.Debug|Any CPU.ActiveCfg = Debug|Any CPU
		{DD9E6334-1AFC-4296-B8CB-8E700EEA00F6}.Debug|Any CPU.Build.0 = Debug|Any CPU
		{DD9E6334-1AFC-4296-B8CB-8E700EEA00F6}.Debug|x64.ActiveCfg = Debug|Any CPU
		{DD9E6334-1AFC-4296-B8CB-8E700EEA00F6}.Debug|x64.Build.0 = Debug|Any CPU
		{DD9E6334-1AFC-4296-B8CB-8E700EEA00F6}.Debug|x86.ActiveCfg = Debug|Any CPU
		{DD9E6334-1AFC-4296-B8CB-8E700EEA00F6}.Debug|x86.Build.0 = Debug|Any CPU
		{DD9E6334-1AFC-4296-B8CB-8E700EEA00F6}.Release|Any CPU.ActiveCfg = Release|Any CPU
		{DD9E6334-1AFC-4296-B8CB-8E700EEA00F6}.Release|Any CPU.Build.0 = Release|Any CPU
		{DD9E6334-1AFC-4296-B8CB-8E700EEA00F6}.Release|x64.ActiveCfg = Release|Any CPU
		{DD9E6334-1AFC-4296-B8CB-8E700EEA00F6}.Release|x64.Build.0 = Release|Any CPU
		{DD9E6334-1AFC-4296-B8CB-8E700EEA00F6}.Release|x86.ActiveCfg = Release|Any CPU
		{DD9E6334-1AFC-4296-B8CB-8E700EEA00F6}.Release|x86.Build.0 = Release|Any CPU
		{14B65DBA-40BA-4E67-913E-F36119889905}.Debug|Any CPU.ActiveCfg = Debug|Any CPU
		{14B65DBA-40BA-4E67-913E-F36119889905}.Debug|Any CPU.Build.0 = Debug|Any CPU
		{14B65DBA-40BA-4E67-913E-F36119889905}.Debug|x64.ActiveCfg = Debug|Any CPU
		{14B65DBA-40BA-4E67-913E-F36119889905}.Debug|x64.Build.0 = Debug|Any CPU
		{14B65DBA-40BA-4E67-913E-F36119889905}.Debug|x86.ActiveCfg = Debug|Any CPU
		{14B65DBA-40BA-4E67-913E-F36119889905}.Debug|x86.Build.0 = Debug|Any CPU
		{14B65DBA-40BA-4E67-913E-F36119889905}.Release|Any CPU.ActiveCfg = Release|Any CPU
		{14B65DBA-40BA-4E67-913E-F36119889905}.Release|Any CPU.Build.0 = Release|Any CPU
		{14B65DBA-40BA-4E67-913E-F36119889905}.Release|x64.ActiveCfg = Release|Any CPU
		{14B65DBA-40BA-4E67-913E-F36119889905}.Release|x64.Build.0 = Release|Any CPU
		{14B65DBA-40BA-4E67-913E-F36119889905}.Release|x86.ActiveCfg = Release|Any CPU
		{14B65DBA-40BA-4E67-913E-F36119889905}.Release|x86.Build.0 = Release|Any CPU
		{93CEA400-A1D7-4E32-B414-F3F5772A1276}.Debug|Any CPU.ActiveCfg = Debug|Any CPU
		{93CEA400-A1D7-4E32-B414-F3F5772A1276}.Debug|Any CPU.Build.0 = Debug|Any CPU
		{93CEA400-A1D7-4E32-B414-F3F5772A1276}.Debug|x64.ActiveCfg = Debug|Any CPU
		{93CEA400-A1D7-4E32-B414-F3F5772A1276}.Debug|x64.Build.0 = Debug|Any CPU
		{93CEA400-A1D7-4E32-B414-F3F5772A1276}.Debug|x86.ActiveCfg = Debug|Any CPU
		{93CEA400-A1D7-4E32-B414-F3F5772A1276}.Debug|x86.Build.0 = Debug|Any CPU
		{93CEA400-A1D7-4E32-B414-F3F5772A1276}.Release|Any CPU.ActiveCfg = Release|Any CPU
		{93CEA400-A1D7-4E32-B414-F3F5772A1276}.Release|Any CPU.Build.0 = Release|Any CPU
		{93CEA400-A1D7-4E32-B414-F3F5772A1276}.Release|x64.ActiveCfg = Release|Any CPU
		{93CEA400-A1D7-4E32-B414-F3F5772A1276}.Release|x64.Build.0 = Release|Any CPU
		{93CEA400-A1D7-4E32-B414-F3F5772A1276}.Release|x86.ActiveCfg = Release|Any CPU
		{93CEA400-A1D7-4E32-B414-F3F5772A1276}.Release|x86.Build.0 = Release|Any CPU
		{CDBF0610-B54D-4069-AA4C-C3E0FDCCA14F}.Debug|Any CPU.ActiveCfg = Debug|Any CPU
		{CDBF0610-B54D-4069-AA4C-C3E0FDCCA14F}.Debug|Any CPU.Build.0 = Debug|Any CPU
		{CDBF0610-B54D-4069-AA4C-C3E0FDCCA14F}.Debug|x64.ActiveCfg = Debug|Any CPU
		{CDBF0610-B54D-4069-AA4C-C3E0FDCCA14F}.Debug|x64.Build.0 = Debug|Any CPU
		{CDBF0610-B54D-4069-AA4C-C3E0FDCCA14F}.Debug|x86.ActiveCfg = Debug|Any CPU
		{CDBF0610-B54D-4069-AA4C-C3E0FDCCA14F}.Debug|x86.Build.0 = Debug|Any CPU
		{CDBF0610-B54D-4069-AA4C-C3E0FDCCA14F}.Release|Any CPU.ActiveCfg = Release|Any CPU
		{CDBF0610-B54D-4069-AA4C-C3E0FDCCA14F}.Release|Any CPU.Build.0 = Release|Any CPU
		{CDBF0610-B54D-4069-AA4C-C3E0FDCCA14F}.Release|x64.ActiveCfg = Release|Any CPU
		{CDBF0610-B54D-4069-AA4C-C3E0FDCCA14F}.Release|x64.Build.0 = Release|Any CPU
		{CDBF0610-B54D-4069-AA4C-C3E0FDCCA14F}.Release|x86.ActiveCfg = Release|Any CPU
		{CDBF0610-B54D-4069-AA4C-C3E0FDCCA14F}.Release|x86.Build.0 = Release|Any CPU
		{2F44409C-9C5B-40D2-9F47-0B69EFDC0954}.Debug|Any CPU.ActiveCfg = Debug|Any CPU
		{2F44409C-9C5B-40D2-9F47-0B69EFDC0954}.Debug|Any CPU.Build.0 = Debug|Any CPU
		{2F44409C-9C5B-40D2-9F47-0B69EFDC0954}.Debug|x64.ActiveCfg = Debug|Any CPU
		{2F44409C-9C5B-40D2-9F47-0B69EFDC0954}.Debug|x64.Build.0 = Debug|Any CPU
		{2F44409C-9C5B-40D2-9F47-0B69EFDC0954}.Debug|x86.ActiveCfg = Debug|Any CPU
		{2F44409C-9C5B-40D2-9F47-0B69EFDC0954}.Debug|x86.Build.0 = Debug|Any CPU
		{2F44409C-9C5B-40D2-9F47-0B69EFDC0954}.Release|Any CPU.ActiveCfg = Release|Any CPU
		{2F44409C-9C5B-40D2-9F47-0B69EFDC0954}.Release|Any CPU.Build.0 = Release|Any CPU
		{2F44409C-9C5B-40D2-9F47-0B69EFDC0954}.Release|x64.ActiveCfg = Release|Any CPU
		{2F44409C-9C5B-40D2-9F47-0B69EFDC0954}.Release|x64.Build.0 = Release|Any CPU
		{2F44409C-9C5B-40D2-9F47-0B69EFDC0954}.Release|x86.ActiveCfg = Release|Any CPU
		{2F44409C-9C5B-40D2-9F47-0B69EFDC0954}.Release|x86.Build.0 = Release|Any CPU
		{F387BC80-2251-468D-B53A-28163BB79B0A}.Debug|Any CPU.ActiveCfg = Debug|Any CPU
		{F387BC80-2251-468D-B53A-28163BB79B0A}.Debug|Any CPU.Build.0 = Debug|Any CPU
		{F387BC80-2251-468D-B53A-28163BB79B0A}.Debug|x64.ActiveCfg = Debug|Any CPU
		{F387BC80-2251-468D-B53A-28163BB79B0A}.Debug|x64.Build.0 = Debug|Any CPU
		{F387BC80-2251-468D-B53A-28163BB79B0A}.Debug|x86.ActiveCfg = Debug|Any CPU
		{F387BC80-2251-468D-B53A-28163BB79B0A}.Debug|x86.Build.0 = Debug|Any CPU
		{F387BC80-2251-468D-B53A-28163BB79B0A}.Release|Any CPU.ActiveCfg = Release|Any CPU
		{F387BC80-2251-468D-B53A-28163BB79B0A}.Release|Any CPU.Build.0 = Release|Any CPU
		{F387BC80-2251-468D-B53A-28163BB79B0A}.Release|x64.ActiveCfg = Release|Any CPU
		{F387BC80-2251-468D-B53A-28163BB79B0A}.Release|x64.Build.0 = Release|Any CPU
		{F387BC80-2251-468D-B53A-28163BB79B0A}.Release|x86.ActiveCfg = Release|Any CPU
		{F387BC80-2251-468D-B53A-28163BB79B0A}.Release|x86.Build.0 = Release|Any CPU
	EndGlobalSection
	GlobalSection(SolutionProperties) = preSolution
		HideSolutionNode = FALSE
	EndGlobalSection
	GlobalSection(NestedProjects) = preSolution
		{A368EA00-3330-4412-9007-3441026F245E} = {827E0CD3-B72D-47B6-A68D-7590B98EB39B}
		{5A01D663-35E4-4E60-A705-CC164DD190B3} = {827E0CD3-B72D-47B6-A68D-7590B98EB39B}
		{A57B710B-850D-4884-8302-7C2D90ACA3C6} = {827E0CD3-B72D-47B6-A68D-7590B98EB39B}
		{DD9E6334-1AFC-4296-B8CB-8E700EEA00F6} = {827E0CD3-B72D-47B6-A68D-7590B98EB39B}
		{ECC3305D-876D-687E-B171-98B85BED9BA1} = {1787FE1D-075E-9E68-7218-25F1BD1BBEAB}
		{14B65DBA-40BA-4E67-913E-F36119889905} = {ECC3305D-876D-687E-B171-98B85BED9BA1}
		{93CEA400-A1D7-4E32-B414-F3F5772A1276} = {0AB3BF05-4346-4AA6-1389-037BE0695223}
		{CDBF0610-B54D-4069-AA4C-C3E0FDCCA14F} = {0AB3BF05-4346-4AA6-1389-037BE0695223}
		{2F44409C-9C5B-40D2-9F47-0B69EFDC0954} = {0AB3BF05-4346-4AA6-1389-037BE0695223}
		{F387BC80-2251-468D-B53A-28163BB79B0A} = {0AB3BF05-4346-4AA6-1389-037BE0695223}
	EndGlobalSection
EndGlobal
